core:changelogs:
  - content: "---\nsubject: Enable anti-slop validation\npackages:\n  \"@monke-together-strong/oxc-config\":\n    type: patch\n---\n\n## Broader shared validation\n\nCompose Ultracite's anti-slop preset into the shared Oxlint configuration so consumers catch type\nwidening, unsafe boundary handling, and unsupported type assertions alongside the existing core and\nVitest rules. Upgrade Ultracite to 7.10.4.\n"
    filename: 2026-08-14-anti-slop-validation.md
    v: 0.0.0
core:packages:
  - id: npm:monke-tools
    updated: false
  - changelogIds:
      - 2026-08-14-anti-slop-validation.md
    id: npm:@monke-together-strong/oxc-config
    updated: true
npm:packages:
  - id: npm:monke-tools
  - id: npm:@monke-together-strong/oxc-config
