core:changelogs:
  - content: "---\nsubject: First public release\npackages:\n  \"@monke-together-strong/oxc-config\":\n    type: minor\n---\n\n## Initial release\n\nPublish shared Oxlint and Oxfmt presets with Ultracite composition, type-aware linting and type checking, shared formatting policy, consumer override factories, and standalone `/oxlint` and `/oxfmt` exports.\n"
    filename: first-oxc-config-release.md
    v: 0.0.0
core:packages:
  - id: npm:monke-tools
    updated: false
  - changelogIds:
      - first-oxc-config-release.md
    id: npm:@monke-together-strong/oxc-config
    updated: true
npm:packages:
  - id: npm:monke-tools
  - id: npm:@monke-together-strong/oxc-config
